<?xml version="1.0" encoding="utf-8"?>
<Project ToolsVersion="4.0" xmlns="http://schemas.microsoft.com/developer/msbuild/2003">
  <ItemGroup>
    <ClCompile Include="echo_server.cpp" />
    <ClCompile Include="common\bit_writer.cpp">
      <Filter>common</Filter>
    </ClCompile>
    <ClCompile Include="common\common_function.cpp">
      <Filter>common</Filter>
    </ClCompile>
    <ClCompile Include="common\config_parser.cpp">
      <Filter>common</Filter>
    </ClCompile>
    <ClCompile Include="common\thread_timer.cpp">
      <Filter>common</Filter>
    </ClCompile>
    <ClCompile Include="common\network\engine\network_manager.cpp">
      <Filter>network</Filter>
    </ClCompile>
    <ClCompile Include="common\network\engine\tcp_network_manager.cpp">
      <Filter>network</Filter>
    </ClCompile>
    <ClCompile Include="common\network\engine\tcp_network_object.cpp">
      <Filter>network</Filter>
    </ClCompile>
    <ClCompile Include="common\network\engine\udp_network_manager.cpp">
      <Filter>network</Filter>
    </ClCompile>
    <ClCompile Include="common\network\engine\udp_network_object.cpp">
      <Filter>network</Filter>
    </ClCompile>
    <ClCompile Include="main_object.cpp" />
    <ClCompile Include="stream_manager.cpp" />
    <ClCompile Include="common\network\engine\network_context_pool.cpp">
      <Filter>network</Filter>
    </ClCompile>
    <ClCompile Include="common\log_writer.cpp">
      <Filter>common</Filter>
    </ClCompile>
    <ClCompile Include="test_tcp_client\test_tcp_client_object.cpp">
      <Filter>test_tcp_client</Filter>
    </ClCompile>
    <ClCompile Include="test_tcp_client\test_tcp_client_manager.cpp">
      <Filter>test_tcp_client</Filter>
    </ClCompile>
  </ItemGroup>
  <ItemGroup>
    <Filter Include="common">
      <UniqueIdentifier>{e5310325-0692-4e2f-a527-dba6fd10c2a8}</UniqueIdentifier>
    </Filter>
    <Filter Include="network">
      <UniqueIdentifier>{23c8e849-9d92-4b6e-9203-e5767ba241c1}</UniqueIdentifier>
    </Filter>
    <Filter Include="test_tcp_client">
      <UniqueIdentifier>{f7581348-dc2d-49d1-8d4e-f9920cc61775}</UniqueIdentifier>
    </Filter>
  </ItemGroup>
  <ItemGroup>
    <ClInclude Include="common\bit_writer.h">
      <Filter>common</Filter>
    </ClInclude>
    <ClInclude Include="common\common_function.h">
      <Filter>common</Filter>
    </ClInclude>
    <ClInclude Include="common\config_parser.h">
      <Filter>common</Filter>
    </ClInclude>
    <ClInclude Include="common\linux_definition.h">
      <Filter>common</Filter>
    </ClInclude>
    <ClInclude Include="common\singleton.h">
      <Filter>common</Filter>
    </ClInclude>
    <ClInclude Include="common\thread_timer.h">
      <Filter>common</Filter>
    </ClInclude>
    <ClInclude Include="common\network\engine\network_manager.h">
      <Filter>network</Filter>
    </ClInclude>
    <ClInclude Include="common\network\engine\network_object_header.h">
      <Filter>network</Filter>
    </ClInclude>
    <ClInclude Include="common\network\engine\tcp_network_manager.h">
      <Filter>network</Filter>
    </ClInclude>
    <ClInclude Include="common\network\engine\tcp_network_object.h">
      <Filter>network</Filter>
    </ClInclude>
    <ClInclude Include="common\network\engine\udp_network_manager.h">
      <Filter>network</Filter>
    </ClInclude>
    <ClInclude Include="common\network\engine\udp_network_object.h">
      <Filter>network</Filter>
    </ClInclude>
    <ClInclude Include="config_define.h" />
    <ClInclude Include="main_object.h" />
    <ClInclude Include="stream_manager.h" />
    <ClInclude Include="common\network\engine\network_context_pool.h">
      <Filter>network</Filter>
    </ClInclude>
    <ClInclude Include="common\common_header.h">
      <Filter>common</Filter>
    </ClInclude>
    <ClInclude Include="common\log_writer.h">
      <Filter>common</Filter>
    </ClInclude>
    <ClInclude Include="test_tcp_client\test_tcp_client_object.h">
      <Filter>test_tcp_client</Filter>
    </ClInclude>
    <ClInclude Include="test_tcp_client\test_protocol.h">
      <Filter>test_tcp_client</Filter>
    </ClInclude>
    <ClInclude Include="test_tcp_client\test_tcp_client_manager.h">
      <Filter>test_tcp_client</Filter>
    </ClInclude>
  </ItemGroup>
  <ItemGroup>
    <None Include="..\README.md" />
  </ItemGroup>
</Project>